
Microsoft Visual Studio Solution File, Format Version 12.00
# Visual Studio Version 17
VisualStudioVersion = 17.9.34622.214
MinimumVisualStudioVersion = 10.0.40219.1
Project("{2150E333-8FDC-42A3-9474-1A3956D46DE8}") = "FrontEnd", "FrontEnd", "{354A2091-6A22-46A3-BF0C-8E0ABAB780F2}"
EndProject
Project("{FAE04EC0-301F-11D3-BF4B-00C04F79EFBC}") = "Mango.Web", "Mango.Web\Mango.Web.csproj", "{A8B2ED2D-F058-4C8D-B313-209983C039D9}"
EndProject
Project("{2150E333-8FDC-42A3-9474-1A3956D46DE8}") = "Services", "Services", "{0173F7D4-D193-4320-9FB2-2818FBD6CEF5}"
EndProject
Project("{FAE04EC0-301F-11D3-BF4B-00C04F79EFBC}") = "Mango.Services.ProductAPI", "Mango.Services.ProductAPI\Mango.Services.ProductAPI.csproj", "{9BB7D32D-A864-484F-A348-C193F37FBADF}"
EndProject
Global
	GlobalSection(SolutionConfigurationPlatforms) = preSolution
		Debug|Any CPU = Debug|Any CPU
		Release|Any CPU = Release|Any CPU
	EndGlobalSection
	GlobalSection(ProjectConfigurationPlatforms) = postSolution
		{A8B2ED2D-F058-4C8D-B313-209983C039D9}.Debug|Any CPU.ActiveCfg = Debug|Any CPU
		{A8B2ED2D-F058-4C8D-B313-209983C039D9}.Debug|Any CPU.Build.0 = Debug|Any CPU
		{A8B2ED2D-F058-4C8D-B313-209983C039D9}.Release|Any CPU.ActiveCfg = Release|Any CPU
		{A8B2ED2D-F058-4C8D-B313-209983C039D9}.Release|Any CPU.Build.0 = Release|Any CPU
		{9BB7D32D-A864-484F-A348-C193F37FBADF}.Debug|Any CPU.ActiveCfg = Debug|Any CPU
		{9BB7D32D-A864-484F-A348-C193F37FBADF}.Debug|Any CPU.Build.0 = Debug|Any CPU
		{9BB7D32D-A864-484F-A348-C193F37FBADF}.Release|Any CPU.ActiveCfg = Release|Any CPU
		{9BB7D32D-A864-484F-A348-C193F37FBADF}.Release|Any CPU.Build.0 = Release|Any CPU
	EndGlobalSection
	GlobalSection(SolutionProperties) = preSolution
		HideSolutionNode = FALSE
	EndGlobalSection
	GlobalSection(NestedProjects) = preSolution
		{A8B2ED2D-F058-4C8D-B313-209983C039D9} = {354A2091-6A22-46A3-BF0C-8E0ABAB780F2}
		{9BB7D32D-A864-484F-A348-C193F37FBADF} = {0173F7D4-D193-4320-9FB2-2818FBD6CEF5}
	EndGlobalSection
	GlobalSection(ExtensibilityGlobals) = postSolution
		SolutionGuid = {BC4CAAB3-7FA8-48F8-9D1C-BF9C71B2CAED}
	EndGlobalSection
EndGlobal
